
Microsoft Visual Studio Solution File, Format Version 12.00
# Visual Studio Version 16
VisualStudioVersion = 16.0.30804.86
MinimumVisualStudioVersion = 10.0.40219.1
Project("{9A19103F-16F7-4668-BE54-9A1E7A4F7556}") = "api_sis_evenda", "api_sis_evenda.csproj", "{6982CE79-5338-42F6-95E6-BC5BA5BD2050}"
EndProject
Global
	GlobalSection(SolutionConfigurationPlatforms) = preSolution
		Debug|Any CPU = Debug|Any CPU
		Release|Any CPU = Release|Any CPU
	EndGlobalSection
	GlobalSection(ProjectConfigurationPlatforms) = postSolution
		{6982CE79-5338-42F6-95E6-BC5BA5BD2050}.Debug|Any CPU.ActiveCfg = Debug|Any CPU
		{6982CE79-5338-42F6-95E6-BC5BA5BD2050}.Debug|Any CPU.Build.0 = Debug|Any CPU
		{6982CE79-5338-42F6-95E6-BC5BA5BD2050}.Release|Any CPU.ActiveCfg = Release|Any CPU
		{6982CE79-5338-42F6-95E6-BC5BA5BD2050}.Release|Any CPU.Build.0 = Release|Any CPU
	EndGlobalSection
	GlobalSection(SolutionProperties) = preSolution
		HideSolutionNode = FALSE
	EndGlobalSection
	GlobalSection(ExtensibilityGlobals) = postSolution
		SolutionGuid = {834827F8-23DC-49AA-A05C-2473B257D9B5}
	EndGlobalSection
EndGlobal
